// !$*UTF8*$!
{
	archiveVersion = 1;
	classes = {
	};
	objectVersion = 56;
	objects = {

/* Begin PBXBuildFile section */
		31793A042B28A9970006B309 /* ListItemCell.swift in Sources */ = {isa = PBXBuildFile; fileRef = 31793A032B28A9970006B309 /* ListItemCell.swift */; };
		31793A062B28B76A0006B309 /* ListItemDetail.swift in Sources */ = {isa = PBXBuildFile; fileRef = 31793A052B28B76A0006B309 /* ListItemDetail.swift */; };
		3185497C2B24B139004AA1FB /* SucursalService.swift in Sources */ = {isa = PBXBuildFile; fileRef = 3185497B2B24B139004AA1FB /* SucursalService.swift */; };
		3187FEFA2B24DF9700D81A24 /* ProductView.swift in Sources */ = {isa = PBXBuildFile; fileRef = 3187FEF92B24DF9700D81A24 /* ProductView.swift */; };
		31885FDB2B27BEDE00F9145B /* ArticuloService.swift in Sources */ = {isa = PBXBuildFile; fileRef = 31885FDA2B27BEDE00F9145B /* ArticuloService.swift */; };
		31E0A6202B256F2000758A85 /* ListController.swift in Sources */ = {isa = PBXBuildFile; fileRef = 31E0A61F2B256F2000758A85 /* ListController.swift */; };
		31E3F30A2B1D302F0031B2F3 /* AppDelegate.swift in Sources */ = {isa = PBXBuildFile; fileRef = 31E3F3092B1D302F0031B2F3 /* AppDelegate.swift */; };
		31E3F30C2B1D302F0031B2F3 /* SceneDelegate.swift in Sources */ = {isa = PBXBuildFile; fileRef = 31E3F30B2B1D302F0031B2F3 /* SceneDelegate.swift */; };
		31E3F30E2B1D302F0031B2F3 /* ViewController.swift in Sources */ = {isa = PBXBuildFile; fileRef = 31E3F30D2B1D302F0031B2F3 /* ViewController.swift */; };
		31E3F3112B1D302F0031B2F3 /* Main.storyboard in Resources */ = {isa = PBXBuildFile; fileRef = 31E3F30F2B1D302F0031B2F3 /* Main.storyboard */; };
		31E3F3132B1D30320031B2F3 /* Assets.xcassets in Resources */ = {isa = PBXBuildFile; fileRef = 31E3F3122B1D30320031B2F3 /* Assets.xcassets */; };
		31E3F3162B1D30320031B2F3 /* LaunchScreen.storyboard in Resources */ = {isa = PBXBuildFile; fileRef = 31E3F3142B1D30320031B2F3 /* LaunchScreen.storyboard */; };
		31E3F3212B1D30330031B2F3 /* PvFacilTests.swift in Sources */ = {isa = PBXBuildFile; fileRef = 31E3F3202B1D30330031B2F3 /* PvFacilTests.swift */; };
		31E3F32B2B1D30330031B2F3 /* PvFacilUITests.swift in Sources */ = {isa = PBXBuildFile; fileRef = 31E3F32A2B1D30330031B2F3 /* PvFacilUITests.swift */; };
		31E3F32D2B1D30330031B2F3 /* PvFacilUITestsLaunchTests.swift in Sources */ = {isa = PBXBuildFile; fileRef = 31E3F32C2B1D30330031B2F3 /* PvFacilUITestsLaunchTests.swift */; };
		31E3F3402B1D9C8E0031B2F3 /* Podfile in Resources */ = {isa = PBXBuildFile; fileRef = 31E3F33F2B1D9C8D0031B2F3 /* Podfile */; };
		7EE17A96C4D41F8CD8DB62E1 /* Pods_PvFacilTests.framework in Frameworks */ = {isa = PBXBuildFile; fileRef = ECED0A9953018E700A0691F8 /* Pods_PvFacilTests.framework */; };
		9AF8C2F8726F8D075D535F7D /* Pods_PvFacil_PvFacilUITests.framework in Frameworks */ = {isa = PBXBuildFile; fileRef = 5A165A0525DE58E1D3090D77 /* Pods_PvFacil_PvFacilUITests.framework */; };
/* End PBXBuildFile section */

/* Begin PBXContainerItemProxy section */
		31E3F31D2B1D30330031B2F3 /* PBXContainerItemProxy */ = {
			isa = PBXContainerItemProxy;
			containerPortal = 31E3F2FE2B1D302F0031B2F3 /* Project object */;
			proxyType = 1;
			remoteGlobalIDString = 31E3F3052B1D302F0031B2F3;
			remoteInfo = PvFacil;
		};
		31E3F3272B1D30330031B2F3 /* PBXContainerItemProxy */ = {
			isa = PBXContainerItemProxy;
			containerPortal = 31E3F2FE2B1D302F0031B2F3 /* Project object */;
			proxyType = 1;
			remoteGlobalIDString = 31E3F3052B1D302F0031B2F3;
			remoteInfo = PvFacil;
		};
/* End PBXContainerItemProxy section */

/* Begin PBXFileReference section */
		143E1D04BE2CC5AC154F22C8 /* Pods-PvFacilTests.release.xcconfig */ = {isa = PBXFileReference; includeInIndex = 1; lastKnownFileType = text.xcconfig; name = "Pods-PvFacilTests.release.xcconfig"; path = "Target Support Files/Pods-PvFacilTests/Pods-PvFacilTests.release.xcconfig"; sourceTree = "<group>"; };
		31793A032B28A9970006B309 /* ListItemCell.swift */ = {isa = PBXFileReference; lastKnownFileType = sourcecode.swift; path = ListItemCell.swift; sourceTree = "<group>"; };
		31793A052B28B76A0006B309 /* ListItemDetail.swift */ = {isa = PBXFileReference; lastKnownFileType = sourcecode.swift; path = ListItemDetail.swift; sourceTree = "<group>"; };
		3185497B2B24B139004AA1FB /* SucursalService.swift */ = {isa = PBXFileReference; lastKnownFileType = sourcecode.swift; path = SucursalService.swift; sourceTree = "<group>"; };
		3187FEF92B24DF9700D81A24 /* ProductView.swift */ = {isa = PBXFileReference; lastKnownFileType = sourcecode.swift; path = ProductView.swift; sourceTree = "<group>"; };
		31885FDA2B27BEDE00F9145B /* ArticuloService.swift */ = {isa = PBXFileReference; lastKnownFileType = sourcecode.swift; path = ArticuloService.swift; sourceTree = "<group>"; };
		31E0A61F2B256F2000758A85 /* ListController.swift */ = {isa = PBXFileReference; lastKnownFileType = sourcecode.swift; path = ListController.swift; sourceTree = "<group>"; };
		31E3F3062B1D302F0031B2F3 /* PvFacil.app */ = {isa = PBXFileReference; explicitFileType = wrapper.application; includeInIndex = 0; path = PvFacil.app; sourceTree = BUILT_PRODUCTS_DIR; };
		31E3F3092B1D302F0031B2F3 /* AppDelegate.swift */ = {isa = PBXFileReference; lastKnownFileType = sourcecode.swift; path = AppDelegate.swift; sourceTree = "<group>"; };
		31E3F30B2B1D302F0031B2F3 /* SceneDelegate.swift */ = {isa = PBXFileReference; lastKnownFileType = sourcecode.swift; path = SceneDelegate.swift; sourceTree = "<group>"; };
		31E3F30D2B1D302F0031B2F3 /* ViewController.swift */ = {isa = PBXFileReference; lastKnownFileType = sourcecode.swift; path = ViewController.swift; sourceTree = "<group>"; };
		31E3F3102B1D302F0031B2F3 /* Base */ = {isa = PBXFileReference; lastKnownFileType = file.storyboard; name = Base; path = Base.lproj/Main.storyboard; sourceTree = "<group>"; };
		31E3F3122B1D30320031B2F3 /* Assets.xcassets */ = {isa = PBXFileReference; lastKnownFileType = folder.assetcatalog; path = Assets.xcassets; sourceTree = "<group>"; };
		31E3F3152B1D30320031B2F3 /* Base */ = {isa = PBXFileReference; lastKnownFileType = file.storyboard; name = Base; path = Base.lproj/LaunchScreen.storyboard; sourceTree = "<group>"; };
		31E3F3172B1D30320031B2F3 /* Info.plist */ = {isa = PBXFileReference; lastKnownFileType = text.plist.xml; path = Info.plist; sourceTree = "<group>"; };
		31E3F31C2B1D30330031B2F3 /* PvFacilTests.xctest */ = {isa = PBXFileReference; explicitFileType = wrapper.cfbundle; includeInIndex = 0; path = PvFacilTests.xctest; sourceTree = BUILT_PRODUCTS_DIR; };
		31E3F3202B1D30330031B2F3 /* PvFacilTests.swift */ = {isa = PBXFileReference; lastKnownFileType = sourcecode.swift; path = PvFacilTests.swift; sourceTree = "<group>"; };
		31E3F3262B1D30330031B2F3 /* PvFacilUITests.xctest */ = {isa = PBXFileReference; explicitFileType = wrapper.cfbundle; includeInIndex = 0; path = PvFacilUITests.xctest; sourceTree = BUILT_PRODUCTS_DIR; };
		31E3F32A2B1D30330031B2F3 /* PvFacilUITests.swift */ = {isa = PBXFileReference; lastKnownFileType = sourcecode.swift; path = PvFacilUITests.swift; sourceTree = "<group>"; };
		31E3F32C2B1D30330031B2F3 /* PvFacilUITestsLaunchTests.swift */ = {isa = PBXFileReference; lastKnownFileType = sourcecode.swift; path = PvFacilUITestsLaunchTests.swift; sourceTree = "<group>"; };
		31E3F33F2B1D9C8D0031B2F3 /* Podfile */ = {isa = PBXFileReference; fileEncoding = 4; lastKnownFileType = text; path = Podfile; sourceTree = "<group>"; };
		4B02D98CC4A6C9DA853F19D6 /* Pods-PvFacilTests.debug.xcconfig */ = {isa = PBXFileReference; includeInIndex = 1; lastKnownFileType = text.xcconfig; name = "Pods-PvFacilTests.debug.xcconfig"; path = "Target Support Files/Pods-PvFacilTests/Pods-PvFacilTests.debug.xcconfig"; sourceTree = "<group>"; };
		5A165A0525DE58E1D3090D77 /* Pods_PvFacil_PvFacilUITests.framework */ = {isa = PBXFileReference; explicitFileType = wrapper.framework; includeInIndex = 0; path = Pods_PvFacil_PvFacilUITests.framework; sourceTree = BUILT_PRODUCTS_DIR; };
		5BDE70AD2ECDC9F85A3A07E4 /* Pods_PvFacil.framework */ = {isa = PBXFileReference; explicitFileType = wrapper.framework; includeInIndex = 0; path = Pods_PvFacil.framework; sourceTree = BUILT_PRODUCTS_DIR; };
		62450AA634FD06FD87E9D8DA /* Pods-PvFacil.release.xcconfig */ = {isa = PBXFileReference; includeInIndex = 1; lastKnownFileType = text.xcconfig; name = "Pods-PvFacil.release.xcconfig"; path = "Target Support Files/Pods-PvFacil/Pods-PvFacil.release.xcconfig"; sourceTree = "<group>"; };
		7D49B60D5117C3C42B11EF6A /* Pods-PvFacil-PvFacilUITests.release.xcconfig */ = {isa = PBXFileReference; includeInIndex = 1; lastKnownFileType = text.xcconfig; name = "Pods-PvFacil-PvFacilUITests.release.xcconfig"; path = "Target Support Files/Pods-PvFacil-PvFacilUITests/Pods-PvFacil-PvFacilUITests.release.xcconfig"; sourceTree = "<group>"; };
		A049B26D909FB9F21C14E40D /* Pods-PvFacil-PvFacilUITests.debug.xcconfig */ = {isa = PBXFileReference; includeInIndex = 1; lastKnownFileType = text.xcconfig; name = "Pods-PvFacil-PvFacilUITests.debug.xcconfig"; path = "Target Support Files/Pods-PvFacil-PvFacilUITests/Pods-PvFacil-PvFacilUITests.debug.xcconfig"; sourceTree = "<group>"; };
		E6FCD9A12D595284666E3928 /* Pods-PvFacil.debug.xcconfig */ = {isa = PBXFileReference; includeInIndex = 1; lastKnownFileType = text.xcconfig; name = "Pods-PvFacil.debug.xcconfig"; path = "Target Support Files/Pods-PvFacil/Pods-PvFacil.debug.xcconfig"; sourceTree = "<group>"; };
		ECED0A9953018E700A0691F8 /* Pods_PvFacilTests.framework */ = {isa = PBXFileReference; explicitFileType = wrapper.framework; includeInIndex = 0; path = Pods_PvFacilTests.framework; sourceTree = BUILT_PRODUCTS_DIR; };
/* End PBXFileReference section */

/* Begin PBXFrameworksBuildPhase section */
		31E3F3032B1D302F0031B2F3 /* Frameworks */ = {
			isa = PBXFrameworksBuildPhase;
			buildActionMask = 2147483647;
			files = (
			);
			runOnlyForDeploymentPostprocessing = 0;
		};
		31E3F3192B1D30330031B2F3 /* Frameworks */ = {
			isa = PBXFrameworksBuildPhase;
			buildActionMask = 2147483647;
			files = (
				7EE17A96C4D41F8CD8DB62E1 /* Pods_PvFacilTests.framework in Frameworks */,
			);
			runOnlyForDeploymentPostprocessing = 0;
		};
		31E3F3232B1D30330031B2F3 /* Frameworks */ = {
			isa = PBXFrameworksBuildPhase;
			buildActionMask = 2147483647;
			files = (
				9AF8C2F8726F8D075D535F7D /* Pods_PvFacil_PvFacilUITests.framework in Frameworks */,
			);
			runOnlyForDeploymentPostprocessing = 0;
		};
/* End PBXFrameworksBuildPhase section */

/* Begin PBXGroup section */
		3185497A2B24B124004AA1FB /* business */ = {
			isa = PBXGroup;
			children = (
				3185497B2B24B139004AA1FB /* SucursalService.swift */,
				31885FDA2B27BEDE00F9145B /* ArticuloService.swift */,
			);
			path = business;
			sourceTree = "<group>";
		};
		31E3F2FD2B1D302F0031B2F3 = {
			isa = PBXGroup;
			children = (
				31E3F33F2B1D9C8D0031B2F3 /* Podfile */,
				31E3F3082B1D302F0031B2F3 /* PvFacil */,
				31E3F31F2B1D30330031B2F3 /* PvFacilTests */,
				31E3F3292B1D30330031B2F3 /* PvFacilUITests */,
				31E3F3072B1D302F0031B2F3 /* Products */,
				620FE4A00FAC793F12B5B975 /* Pods */,
				4A7C85B98AAA0B3F3A0612FD /* Frameworks */,
			);
			sourceTree = "<group>";
		};
		31E3F3072B1D302F0031B2F3 /* Products */ = {
			isa = PBXGroup;
			children = (
				31E3F3062B1D302F0031B2F3 /* PvFacil.app */,
				31E3F31C2B1D30330031B2F3 /* PvFacilTests.xctest */,
				31E3F3262B1D30330031B2F3 /* PvFacilUITests.xctest */,
			);
			name = Products;
			sourceTree = "<group>";
		};
		31E3F3082B1D302F0031B2F3 /* PvFacil */ = {
			isa = PBXGroup;
			children = (
				3185497A2B24B124004AA1FB /* business */,
				31E3F3092B1D302F0031B2F3 /* AppDelegate.swift */,
				31E3F30B2B1D302F0031B2F3 /* SceneDelegate.swift */,
				31E3F30D2B1D302F0031B2F3 /* ViewController.swift */,
				31E3F30F2B1D302F0031B2F3 /* Main.storyboard */,
				31E3F3122B1D30320031B2F3 /* Assets.xcassets */,
				31E3F3142B1D30320031B2F3 /* LaunchScreen.storyboard */,
				31E3F3172B1D30320031B2F3 /* Info.plist */,
				3187FEF92B24DF9700D81A24 /* ProductView.swift */,
				31E0A61F2B256F2000758A85 /* ListController.swift */,
				31793A032B28A9970006B309 /* ListItemCell.swift */,
				31793A052B28B76A0006B309 /* ListItemDetail.swift */,
			);
			path = PvFacil;
			sourceTree = "<group>";
		};
		31E3F31F2B1D30330031B2F3 /* PvFacilTests */ = {
			isa = PBXGroup;
			children = (
				31E3F3202B1D30330031B2F3 /* PvFacilTests.swift */,
			);
			path = PvFacilTests;
			sourceTree = "<group>";
		};
		31E3F3292B1D30330031B2F3 /* PvFacilUITests */ = {
			isa = PBXGroup;
			children = (
				31E3F32A2B1D30330031B2F3 /* PvFacilUITests.swift */,
				31E3F32C2B1D30330031B2F3 /* PvFacilUITestsLaunchTests.swift */,
			);
			path = PvFacilUITests;
			sourceTree = "<group>";
		};
		4A7C85B98AAA0B3F3A0612FD /* Frameworks */ = {
			isa = PBXGroup;
			children = (
				5BDE70AD2ECDC9F85A3A07E4 /* Pods_PvFacil.framework */,
				5A165A0525DE58E1D3090D77 /* Pods_PvFacil_PvFacilUITests.framework */,
				ECED0A9953018E700A0691F8 /* Pods_PvFacilTests.framework */,
			);
			name = Frameworks;
			sourceTree = "<group>";
		};
		620FE4A00FAC793F12B5B975 /* Pods */ = {
			isa = PBXGroup;
			children = (
				E6FCD9A12D595284666E3928 /* Pods-PvFacil.debug.xcconfig */,
				62450AA634FD06FD87E9D8DA /* Pods-PvFacil.release.xcconfig */,
				A049B26D909FB9F21C14E40D /* Pods-PvFacil-PvFacilUITests.debug.xcconfig */,
				7D49B60D5117C3C42B11EF6A /* Pods-PvFacil-PvFacilUITests.release.xcconfig */,
				4B02D98CC4A6C9DA853F19D6 /* Pods-PvFacilTests.debug.xcconfig */,
				143E1D04BE2CC5AC154F22C8 /* Pods-PvFacilTests.release.xcconfig */,
			);
			path = Pods;
			sourceTree = "<group>";
		};
/* End PBXGroup section */

/* Begin PBXNativeTarget section */
		31E3F3052B1D302F0031B2F3 /* PvFacil */ = {
			isa = PBXNativeTarget;
			buildConfigurationList = 31E3F3302B1D30330031B2F3 /* Build configuration list for PBXNativeTarget "PvFacil" */;
			buildPhases = (
				F2D8C7BE61AF1DDEAA995EA3 /* [CP] Check Pods Manifest.lock */,
				31E3F3022B1D302F0031B2F3 /* Sources */,
				31E3F3032B1D302F0031B2F3 /* Frameworks */,
				31E3F3042B1D302F0031B2F3 /* Resources */,
				8DFAD26A8B8BCF8A09E73DCB /* [CP] Copy Pods Resources */,
			);
			buildRules = (
			);
			dependencies = (
			);
			name = PvFacil;
			productName = PvFacil;
			productReference = 31E3F3062B1D302F0031B2F3 /* PvFacil.app */;
			productType = "com.apple.product-type.application";
		};
		31E3F31B2B1D30330031B2F3 /* PvFacilTests */ = {
			isa = PBXNativeTarget;
			buildConfigurationList = 31E3F3332B1D30330031B2F3 /* Build configuration list for PBXNativeTarget "PvFacilTests" */;
			buildPhases = (
				7E4AB82588E823ACD01CFCB5 /* [CP] Check Pods Manifest.lock */,
				31E3F3182B1D30330031B2F3 /* Sources */,
				31E3F3192B1D30330031B2F3 /* Frameworks */,
				31E3F31A2B1D30330031B2F3 /* Resources */,
			);
			buildRules = (
			);
			dependencies = (
				31E3F31E2B1D30330031B2F3 /* PBXTargetDependency */,
			);
			name = PvFacilTests;
			productName = PvFacilTests;
			productReference = 31E3F31C2B1D30330031B2F3 /* PvFacilTests.xctest */;
			productType = "com.apple.product-type.bundle.unit-test";
		};
		31E3F3252B1D30330031B2F3 /* PvFacilUITests */ = {
			isa = PBXNativeTarget;
			buildConfigurationList = 31E3F3362B1D30330031B2F3 /* Build configuration list for PBXNativeTarget "PvFacilUITests" */;
			buildPhases = (
				0D7ED47B76EB1F2E7C21914A /* [CP] Check Pods Manifest.lock */,
				31E3F3222B1D30330031B2F3 /* Sources */,
				31E3F3232B1D30330031B2F3 /* Frameworks */,
				31E3F3242B1D30330031B2F3 /* Resources */,
				D00D5C000F1AD510371DCC07 /* [CP] Copy Pods Resources */,
			);
			buildRules = (
			);
			dependencies = (
				31E3F3282B1D30330031B2F3 /* PBXTargetDependency */,
			);
			name = PvFacilUITests;
			productName = PvFacilUITests;
			productReference = 31E3F3262B1D30330031B2F3 /* PvFacilUITests.xctest */;
			productType = "com.apple.product-type.bundle.ui-testing";
		};
/* End PBXNativeTarget section */

/* Begin PBXProject section */
		31E3F2FE2B1D302F0031B2F3 /* Project object */ = {
			isa = PBXProject;
			attributes = {
				BuildIndependentTargetsInParallel = 1;
				LastSwiftUpdateCheck = 1420;
				LastUpgradeCheck = 1420;
				TargetAttributes = {
					31E3F3052B1D302F0031B2F3 = {
						CreatedOnToolsVersion = 14.2;
					};
					31E3F31B2B1D30330031B2F3 = {
						CreatedOnToolsVersion = 14.2;
						TestTargetID = 31E3F3052B1D302F0031B2F3;
					};
					31E3F3252B1D30330031B2F3 = {
						CreatedOnToolsVersion = 14.2;
						TestTargetID = 31E3F3052B1D302F0031B2F3;
					};
				};
			};
			buildConfigurationList = 31E3F3012B1D302F0031B2F3 /* Build configuration list for PBXProject "PvFacil" */;
			compatibilityVersion = "Xcode 14.0";
			developmentRegion = en;
			hasScannedForEncodings = 0;
			knownRegions = (
				en,
				Base,
			);
			mainGroup = 31E3F2FD2B1D302F0031B2F3;
			productRefGroup = 31E3F3072B1D302F0031B2F3 /* Products */;
			projectDirPath = "";
			projectRoot = "";
			targets = (
				31E3F3052B1D302F0031B2F3 /* PvFacil */,
				31E3F31B2B1D30330031B2F3 /* PvFacilTests */,
				31E3F3252B1D30330031B2F3 /* PvFacilUITests */,
			);
		};
/* End PBXProject section */

/* Begin PBXResourcesBuildPhase section */
		31E3F3042B1D302F0031B2F3 /* Resources */ = {
			isa = PBXResourcesBuildPhase;
			buildActionMask = 2147483647;
			files = (
				31E3F3162B1D30320031B2F3 /* LaunchScreen.storyboard in Resources */,
				31E3F3132B1D30320031B2F3 /* Assets.xcassets in Resources */,
				31E3F3402B1D9C8E0031B2F3 /* Podfile in Resources */,
				31E3F3112B1D302F0031B2F3 /* Main.storyboard in Resources */,
			);
			runOnlyForDeploymentPostprocessing = 0;
		};
		31E3F31A2B1D30330031B2F3 /* Resources */ = {
			isa = PBXResourcesBuildPhase;
			buildActionMask = 2147483647;
			files = (
			);
			runOnlyForDeploymentPostprocessing = 0;
		};
		31E3F3242B1D30330031B2F3 /* Resources */ = {
			isa = PBXResourcesBuildPhase;
			buildActionMask = 2147483647;
			files = (
			);
			runOnlyForDeploymentPostprocessing = 0;
		};
/* End PBXResourcesBuildPhase section */

/* Begin PBXShellScriptBuildPhase section */
		0D7ED47B76EB1F2E7C21914A /* [CP] Check Pods Manifest.lock */ = {
			isa = PBXShellScriptBuildPhase;
			buildActionMask = 2147483647;
			files = (
			);
			inputFileListPaths = (
			);
			inputPaths = (
				"${PODS_PODFILE_DIR_PATH}/Podfile.lock",
				"${PODS_ROOT}/Manifest.lock",
			);
			name = "[CP] Check Pods Manifest.lock";
			outputFileListPaths = (
			);
			outputPaths = (
				"$(DERIVED_FILE_DIR)/Pods-PvFacil-PvFacilUITests-checkManifestLockResult.txt",
			);
			runOnlyForDeploymentPostprocessing = 0;
			shellPath = /bin/sh;
			shellScript = "diff \"${PODS_PODFILE_DIR_PATH}/Podfile.lock\" \"${PODS_ROOT}/Manifest.lock\" > /dev/null\nif [ $? != 0 ] ; then\n    # print error to STDERR\n    echo \"error: The sandbox is not in sync with the Podfile.lock. Run 'pod install' or update your CocoaPods installation.\" >&2\n    exit 1\nfi\n# This output is used by Xcode 'outputs' to avoid re-running this script phase.\necho \"SUCCESS\" > \"${SCRIPT_OUTPUT_FILE_0}\"\n";
			showEnvVarsInLog = 0;
		};
		7E4AB82588E823ACD01CFCB5 /* [CP] Check Pods Manifest.lock */ = {
			isa = PBXShellScriptBuildPhase;
			buildActionMask = 2147483647;
			files = (
			);
			inputFileListPaths = (
			);
			inputPaths = (
				"${PODS_PODFILE_DIR_PATH}/Podfile.lock",
				"${PODS_ROOT}/Manifest.lock",
			);
			name = "[CP] Check Pods Manifest.lock";
			outputFileListPaths = (
			);
			outputPaths = (
				"$(DERIVED_FILE_DIR)/Pods-PvFacilTests-checkManifestLockResult.txt",
			);
			runOnlyForDeploymentPostprocessing = 0;
			shellPath = /bin/sh;
			shellScript = "diff \"${PODS_PODFILE_DIR_PATH}/Podfile.lock\" \"${PODS_ROOT}/Manifest.lock\" > /dev/null\nif [ $? != 0 ] ; then\n    # print error to STDERR\n    echo \"error: The sandbox is not in sync with the Podfile.lock. Run 'pod install' or update your CocoaPods installation.\" >&2\n    exit 1\nfi\n# This output is used by Xcode 'outputs' to avoid re-running this script phase.\necho \"SUCCESS\" > \"${SCRIPT_OUTPUT_FILE_0}\"\n";
			showEnvVarsInLog = 0;
		};
		8DFAD26A8B8BCF8A09E73DCB /* [CP] Copy Pods Resources */ = {
			isa = PBXShellScriptBuildPhase;
			buildActionMask = 2147483647;
			files = (
			);
			inputFileListPaths = (
				"${PODS_ROOT}/Target Support Files/Pods-PvFacil/Pods-PvFacil-resources-${CONFIGURATION}-input-files.xcfilelist",
			);
			name = "[CP] Copy Pods Resources";
			outputFileListPaths = (
				"${PODS_ROOT}/Target Support Files/Pods-PvFacil/Pods-PvFacil-resources-${CONFIGURATION}-output-files.xcfilelist",
			);
			runOnlyForDeploymentPostprocessing = 0;
			shellPath = /bin/sh;
			shellScript = "\"${PODS_ROOT}/Target Support Files/Pods-PvFacil/Pods-PvFacil-resources.sh\"\n";
			showEnvVarsInLog = 0;
		};
		D00D5C000F1AD510371DCC07 /* [CP] Copy Pods Resources */ = {
			isa = PBXShellScriptBuildPhase;
			buildActionMask = 2147483647;
			files = (
			);
			inputFileListPaths = (
				"${PODS_ROOT}/Target Support Files/Pods-PvFacil-PvFacilUITests/Pods-PvFacil-PvFacilUITests-resources-${CONFIGURATION}-input-files.xcfilelist",
			);
			name = "[CP] Copy Pods Resources";
			outputFileListPaths = (
				"${PODS_ROOT}/Target Support Files/Pods-PvFacil-PvFacilUITests/Pods-PvFacil-PvFacilUITests-resources-${CONFIGURATION}-output-files.xcfilelist",
			);
			runOnlyForDeploymentPostprocessing = 0;
			shellPath = /bin/sh;
			shellScript = "\"${PODS_ROOT}/Target Support Files/Pods-PvFacil-PvFacilUITests/Pods-PvFacil-PvFacilUITests-resources.sh\"\n";
			showEnvVarsInLog = 0;
		};
		F2D8C7BE61AF1DDEAA995EA3 /* [CP] Check Pods Manifest.lock */ = {
			isa = PBXShellScriptBuildPhase;
			buildActionMask = 2147483647;
			files = (
			);
			inputFileListPaths = (
			);
			inputPaths = (
				"${PODS_PODFILE_DIR_PATH}/Podfile.lock",
				"${PODS_ROOT}/Manifest.lock",
			);
			name = "[CP] Check Pods Manifest.lock";
			outputFileListPaths = (
			);
			outputPaths = (
				"$(DERIVED_FILE_DIR)/Pods-PvFacil-checkManifestLockResult.txt",
			);
			runOnlyForDeploymentPostprocessing = 0;
			shellPath = /bin/sh;
			shellScript = "diff \"${PODS_PODFILE_DIR_PATH}/Podfile.lock\" \"${PODS_ROOT}/Manifest.lock\" > /dev/null\nif [ $? != 0 ] ; then\n    # print error to STDERR\n    echo \"error: The sandbox is not in sync with the Podfile.lock. Run 'pod install' or update your CocoaPods installation.\" >&2\n    exit 1\nfi\n# This output is used by Xcode 'outputs' to avoid re-running this script phase.\necho \"SUCCESS\" > \"${SCRIPT_OUTPUT_FILE_0}\"\n";
			showEnvVarsInLog = 0;
		};
/* End PBXShellScriptBuildPhase section */

/* Begin PBXSourcesBuildPhase section */
		31E3F3022B1D302F0031B2F3 /* Sources */ = {
			isa = PBXSourcesBuildPhase;
			buildActionMask = 2147483647;
			files = (
				31793A042B28A9970006B309 /* ListItemCell.swift in Sources */,
				31885FDB2B27BEDE00F9145B /* ArticuloService.swift in Sources */,
				3187FEFA2B24DF9700D81A24 /* ProductView.swift in Sources */,
				31E3F30E2B1D302F0031B2F3 /* ViewController.swift in Sources */,
				31793A062B28B76A0006B309 /* ListItemDetail.swift in Sources */,
				31E3F30A2B1D302F0031B2F3 /* AppDelegate.swift in Sources */,
				31E3F30C2B1D302F0031B2F3 /* SceneDelegate.swift in Sources */,
				3185497C2B24B139004AA1FB /* SucursalService.swift in Sources */,
				31E0A6202B256F2000758A85 /* ListController.swift in Sources */,
			);
			runOnlyForDeploymentPostprocessing = 0;
		};
		31E3F3182B1D30330031B2F3 /* Sources */ = {
			isa = PBXSourcesBuildPhase;
			buildActionMask = 2147483647;
			files = (
				31E3F3212B1D30330031B2F3 /* PvFacilTests.swift in Sources */,
			);
			runOnlyForDeploymentPostprocessing = 0;
		};
		31E3F3222B1D30330031B2F3 /* Sources */ = {
			isa = PBXSourcesBuildPhase;
			buildActionMask = 2147483647;
			files = (
				31E3F32D2B1D30330031B2F3 /* PvFacilUITestsLaunchTests.swift in Sources */,
				31E3F32B2B1D30330031B2F3 /* PvFacilUITests.swift in Sources */,
			);
			runOnlyForDeploymentPostprocessing = 0;
		};
/* End PBXSourcesBuildPhase section */

/* Begin PBXTargetDependency section */
		31E3F31E2B1D30330031B2F3 /* PBXTargetDependency */ = {
			isa = PBXTargetDependency;
			target = 31E3F3052B1D302F0031B2F3 /* PvFacil */;
			targetProxy = 31E3F31D2B1D30330031B2F3 /* PBXContainerItemProxy */;
		};
		31E3F3282B1D30330031B2F3 /* PBXTargetDependency */ = {
			isa = PBXTargetDependency;
			target = 31E3F3052B1D302F0031B2F3 /* PvFacil */;
			targetProxy = 31E3F3272B1D30330031B2F3 /* PBXContainerItemProxy */;
		};
/* End PBXTargetDependency section */

/* Begin PBXVariantGroup section */
		31E3F30F2B1D302F0031B2F3 /* Main.storyboard */ = {
			isa = PBXVariantGroup;
			children = (
				31E3F3102B1D302F0031B2F3 /* Base */,
			);
			name = Main.storyboard;
			sourceTree = "<group>";
		};
		31E3F3142B1D30320031B2F3 /* LaunchScreen.storyboard */ = {
			isa = PBXVariantGroup;
			children = (
				31E3F3152B1D30320031B2F3 /* Base */,
			);
			name = LaunchScreen.storyboard;
			sourceTree = "<group>";
		};
/* End PBXVariantGroup section */

/* Begin XCBuildConfiguration section */
		31E3F32E2B1D30330031B2F3 /* Debug */ = {
			isa = XCBuildConfiguration;
			buildSettings = {
				ALWAYS_SEARCH_USER_PATHS = NO;
				CLANG_ANALYZER_NONNULL = YES;
				CLANG_ANALYZER_NUMBER_OBJECT_CONVERSION = YES_AGGRESSIVE;
				CLANG_CXX_LANGUAGE_STANDARD = "gnu++20";
				CLANG_ENABLE_MODULES = YES;
				CLANG_ENABLE_OBJC_ARC = YES;
				CLANG_ENABLE_OBJC_WEAK = YES;
				CLANG_WARN_BLOCK_CAPTURE_AUTORELEASING = YES;
				CLANG_WARN_BOOL_CONVERSION = YES;
				CLANG_WARN_COMMA = YES;
				CLANG_WARN_CONSTANT_CONVERSION = YES;
				CLANG_WARN_DEPRECATED_OBJC_IMPLEMENTATIONS = YES;
				CLANG_WARN_DIRECT_OBJC_ISA_USAGE = YES_ERROR;
				CLANG_WARN_DOCUMENTATION_COMMENTS = YES;
				CLANG_WARN_EMPTY_BODY = YES;
				CLANG_WARN_ENUM_CONVERSION = YES;
				CLANG_WARN_INFINITE_RECURSION = YES;
				CLANG_WARN_INT_CONVERSION = YES;
				CLANG_WARN_NON_LITERAL_NULL_CONVERSION = YES;
				CLANG_WARN_OBJC_IMPLICIT_RETAIN_SELF = YES;
				CLANG_WARN_OBJC_LITERAL_CONVERSION = YES;
				CLANG_WARN_OBJC_ROOT_CLASS = YES_ERROR;
				CLANG_WARN_QUOTED_INCLUDE_IN_FRAMEWORK_HEADER = YES;
				CLANG_WARN_RANGE_LOOP_ANALYSIS = YES;
				CLANG_WARN_STRICT_PROTOTYPES = YES;
				CLANG_WARN_SUSPICIOUS_MOVE = YES;
				CLANG_WARN_UNGUARDED_AVAILABILITY = YES_AGGRESSIVE;
				CLANG_WARN_UNREACHABLE_CODE = YES;
				CLANG_WARN__DUPLICATE_METHOD_MATCH = YES;
				COPY_PHASE_STRIP = NO;
				DEBUG_INFORMATION_FORMAT = dwarf;
				ENABLE_STRICT_OBJC_MSGSEND = YES;
				ENABLE_TESTABILITY = YES;
				GCC_C_LANGUAGE_STANDARD = gnu11;
				GCC_DYNAMIC_NO_PIC = NO;
				GCC_NO_COMMON_BLOCKS = YES;
				GCC_OPTIMIZATION_LEVEL = 0;
				GCC_PREPROCESSOR_DEFINITIONS = (
					"DEBUG=1",
					"$(inherited)",
				);
				GCC_WARN_64_TO_32_BIT_CONVERSION = YES;
				GCC_WARN_ABOUT_RETURN_TYPE = YES_ERROR;
				GCC_WARN_UNDECLARED_SELECTOR = YES;
				GCC_WARN_UNINITIALIZED_AUTOS = YES_AGGRESSIVE;
				GCC_WARN_UNUSED_FUNCTION = YES;
				GCC_WARN_UNUSED_VARIABLE = YES;
				IPHONEOS_DEPLOYMENT_TARGET = 16.2;
				MTL_ENABLE_DEBUG_INFO = INCLUDE_SOURCE;
				MTL_FAST_MATH = YES;
				ONLY_ACTIVE_ARCH = YES;
				SDKROOT = iphoneos;
				SWIFT_ACTIVE_COMPILATION_CONDITIONS = DEBUG;
				SWIFT_OPTIMIZATION_LEVEL = "-Onone";
				USER_HEADER_SEARCH_PATHS = "Pods/**";
			};
			name = Debug;
		};
		31E3F32F2B1D30330031B2F3 /* Release */ = {
			isa = XCBuildConfiguration;
			buildSettings = {
				ALWAYS_SEARCH_USER_PATHS = NO;
				CLANG_ANALYZER_NONNULL = YES;
				CLANG_ANALYZER_NUMBER_OBJECT_CONVERSION = YES_AGGRESSIVE;
				CLANG_CXX_LANGUAGE_STANDARD = "gnu++20";
				CLANG_ENABLE_MODULES = YES;
				CLANG_ENABLE_OBJC_ARC = YES;
				CLANG_ENABLE_OBJC_WEAK = YES;
				CLANG_WARN_BLOCK_CAPTURE_AUTORELEASING = YES;
				CLANG_WARN_BOOL_CONVERSION = YES;
				CLANG_WARN_COMMA = YES;
				CLANG_WARN_CONSTANT_CONVERSION = YES;
				CLANG_WARN_DEPRECATED_OBJC_IMPLEMENTATIONS = YES;
				CLANG_WARN_DIRECT_OBJC_ISA_USAGE = YES_ERROR;
				CLANG_WARN_DOCUMENTATION_COMMENTS = YES;
				CLANG_WARN_EMPTY_BODY = YES;
				CLANG_WARN_ENUM_CONVERSION = YES;
				CLANG_WARN_INFINITE_RECURSION = YES;
				CLANG_WARN_INT_CONVERSION = YES;
				CLANG_WARN_NON_LITERAL_NULL_CONVERSION = YES;
				CLANG_WARN_OBJC_IMPLICIT_RETAIN_SELF = YES;
				CLANG_WARN_OBJC_LITERAL_CONVERSION = YES;
				CLANG_WARN_OBJC_ROOT_CLASS = YES_ERROR;
				CLANG_WARN_QUOTED_INCLUDE_IN_FRAMEWORK_HEADER = YES;
				CLANG_WARN_RANGE_LOOP_ANALYSIS = YES;
				CLANG_WARN_STRICT_PROTOTYPES = YES;
				CLANG_WARN_SUSPICIOUS_MOVE = YES;
				CLANG_WARN_UNGUARDED_AVAILABILITY = YES_AGGRESSIVE;
				CLANG_WARN_UNREACHABLE_CODE = YES;
				CLANG_WARN__DUPLICATE_METHOD_MATCH = YES;
				COPY_PHASE_STRIP = NO;
				DEBUG_INFORMATION_FORMAT = "dwarf-with-dsym";
				ENABLE_NS_ASSERTIONS = NO;
				ENABLE_STRICT_OBJC_MSGSEND = YES;
				GCC_C_LANGUAGE_STANDARD = gnu11;
				GCC_NO_COMMON_BLOCKS = YES;
				GCC_WARN_64_TO_32_BIT_CONVERSION = YES;
				GCC_WARN_ABOUT_RETURN_TYPE = YES_ERROR;
				GCC_WARN_UNDECLARED_SELECTOR = YES;
				GCC_WARN_UNINITIALIZED_AUTOS = YES_AGGRESSIVE;
				GCC_WARN_UNUSED_FUNCTION = YES;
				GCC_WARN_UNUSED_VARIABLE = YES;
				IPHONEOS_DEPLOYMENT_TARGET = 16.2;
				MTL_ENABLE_DEBUG_INFO = NO;
				MTL_FAST_MATH = YES;
				SDKROOT = iphoneos;
				SWIFT_COMPILATION_MODE = wholemodule;
				SWIFT_OPTIMIZATION_LEVEL = "-O";
				USER_HEADER_SEARCH_PATHS = "Pods/**";
				VALIDATE_PRODUCT = YES;
			};
			name = Release;
		};
		31E3F3312B1D30330031B2F3 /* Debug */ = {
			isa = XCBuildConfiguration;
			baseConfigurationReference = E6FCD9A12D595284666E3928 /* Pods-PvFacil.debug.xcconfig */;
			buildSettings = {
				ASSETCATALOG_COMPILER_APPICON_NAME = AppIcon;
				ASSETCATALOG_COMPILER_GLOBAL_ACCENT_COLOR_NAME = AccentColor;
				CODE_SIGN_STYLE = Automatic;
				CURRENT_PROJECT_VERSION = 1;
				GENERATE_INFOPLIST_FILE = YES;
				INFOPLIST_FILE = PvFacil/Info.plist;
				INFOPLIST_KEY_UIApplicationSupportsIndirectInputEvents = YES;
				INFOPLIST_KEY_UILaunchStoryboardName = LaunchScreen;
				INFOPLIST_KEY_UIMainStoryboardFile = Main;
				INFOPLIST_KEY_UISupportedInterfaceOrientations_iPad = "UIInterfaceOrientationPortrait UIInterfaceOrientationPortraitUpsideDown UIInterfaceOrientationLandscapeLeft UIInterfaceOrientationLandscapeRight";
				INFOPLIST_KEY_UISupportedInterfaceOrientations_iPhone = "UIInterfaceOrientationPortrait UIInterfaceOrientationLandscapeLeft UIInterfaceOrientationLandscapeRight";
				IPHONEOS_DEPLOYMENT_TARGET = 16.2;
				LD_RUNPATH_SEARCH_PATHS = (
					"$(inherited)",
					"@executable_path/Frameworks",
				);
				MARKETING_VERSION = 1.0;
				PRODUCT_BUNDLE_IDENTIFIER = estratecc.PvFacil;
				PRODUCT_NAME = "$(TARGET_NAME)";
				SWIFT_EMIT_LOC_STRINGS = YES;
				SWIFT_VERSION = 5.0;
				TARGETED_DEVICE_FAMILY = "1,2";
				USER_HEADER_SEARCH_PATHS = "";
			};
			name = Debug;
		};
		31E3F3322B1D30330031B2F3 /* Release */ = {
			isa = XCBuildConfiguration;
			baseConfigurationReference = 62450AA634FD06FD87E9D8DA /* Pods-PvFacil.release.xcconfig */;
			buildSettings = {
				ASSETCATALOG_COMPILER_APPICON_NAME = AppIcon;
				ASSETCATALOG_COMPILER_GLOBAL_ACCENT_COLOR_NAME = AccentColor;
				CODE_SIGN_STYLE = Automatic;
				CURRENT_PROJECT_VERSION = 1;
				GENERATE_INFOPLIST_FILE = YES;
				INFOPLIST_FILE = PvFacil/Info.plist;
				INFOPLIST_KEY_UIApplicationSupportsIndirectInputEvents = YES;
				INFOPLIST_KEY_UILaunchStoryboardName = LaunchScreen;
				INFOPLIST_KEY_UIMainStoryboardFile = Main;
				INFOPLIST_KEY_UISupportedInterfaceOrientations_iPad = "UIInterfaceOrientationPortrait UIInterfaceOrientationPortraitUpsideDown UIInterfaceOrientationLandscapeLeft UIInterfaceOrientationLandscapeRight";
				INFOPLIST_KEY_UISupportedInterfaceOrientations_iPhone = "UIInterfaceOrientationPortrait UIInterfaceOrientationLandscapeLeft UIInterfaceOrientationLandscapeRight";
				IPHONEOS_DEPLOYMENT_TARGET = 16.2;
				LD_RUNPATH_SEARCH_PATHS = (
					"$(inherited)",
					"@executable_path/Frameworks",
				);
				MARKETING_VERSION = 1.0;
				PRODUCT_BUNDLE_IDENTIFIER = estratecc.PvFacil;
				PRODUCT_NAME = "$(TARGET_NAME)";
				SWIFT_EMIT_LOC_STRINGS = YES;
				SWIFT_VERSION = 5.0;
				TARGETED_DEVICE_FAMILY = "1,2";
				USER_HEADER_SEARCH_PATHS = "";
			};
			name = Release;
		};
		31E3F3342B1D30330031B2F3 /* Debug */ = {
			isa = XCBuildConfiguration;
			baseConfigurationReference = 4B02D98CC4A6C9DA853F19D6 /* Pods-PvFacilTests.debug.xcconfig */;
			buildSettings = {
				ALWAYS_EMBED_SWIFT_STANDARD_LIBRARIES = YES;
				BUNDLE_LOADER = "$(TEST_HOST)";
				CODE_SIGN_STYLE = Automatic;
				CURRENT_PROJECT_VERSION = 1;
				GENERATE_INFOPLIST_FILE = YES;
				IPHONEOS_DEPLOYMENT_TARGET = 16.2;
				MARKETING_VERSION = 1.0;
				PRODUCT_BUNDLE_IDENTIFIER = estratecc.PvFacilTests;
				PRODUCT_NAME = "$(TARGET_NAME)";
				SWIFT_EMIT_LOC_STRINGS = NO;
				SWIFT_VERSION = 5.0;
				TARGETED_DEVICE_FAMILY = "1,2";
				TEST_HOST = "$(BUILT_PRODUCTS_DIR)/PvFacil.app/$(BUNDLE_EXECUTABLE_FOLDER_PATH)/PvFacil";
			};
			name = Debug;
		};
		31E3F3352B1D30330031B2F3 /* Release */ = {
			isa = XCBuildConfiguration;
			baseConfigurationReference = 143E1D04BE2CC5AC154F22C8 /* Pods-PvFacilTests.release.xcconfig */;
			buildSettings = {
				ALWAYS_EMBED_SWIFT_STANDARD_LIBRARIES = YES;
				BUNDLE_LOADER = "$(TEST_HOST)";
				CODE_SIGN_STYLE = Automatic;
				CURRENT_PROJECT_VERSION = 1;
				GENERATE_INFOPLIST_FILE = YES;
				IPHONEOS_DEPLOYMENT_TARGET = 16.2;
				MARKETING_VERSION = 1.0;
				PRODUCT_BUNDLE_IDENTIFIER = estratecc.PvFacilTests;
				PRODUCT_NAME = "$(TARGET_NAME)";
				SWIFT_EMIT_LOC_STRINGS = NO;
				SWIFT_VERSION = 5.0;
				TARGETED_DEVICE_FAMILY = "1,2";
				TEST_HOST = "$(BUILT_PRODUCTS_DIR)/PvFacil.app/$(BUNDLE_EXECUTABLE_FOLDER_PATH)/PvFacil";
			};
			name = Release;
		};
		31E3F3372B1D30330031B2F3 /* Debug */ = {
			isa = XCBuildConfiguration;
			baseConfigurationReference = A049B26D909FB9F21C14E40D /* Pods-PvFacil-PvFacilUITests.debug.xcconfig */;
			buildSettings = {
				ALWAYS_EMBED_SWIFT_STANDARD_LIBRARIES = YES;
				CODE_SIGN_STYLE = Automatic;
				CURRENT_PROJECT_VERSION = 1;
				GENERATE_INFOPLIST_FILE = YES;
				MARKETING_VERSION = 1.0;
				PRODUCT_BUNDLE_IDENTIFIER = estratecc.PvFacilUITests;
				PRODUCT_NAME = "$(TARGET_NAME)";
				SWIFT_EMIT_LOC_STRINGS = NO;
				SWIFT_VERSION = 5.0;
				TARGETED_DEVICE_FAMILY = "1,2";
				TEST_TARGET_NAME = PvFacil;
			};
			name = Debug;
		};
		31E3F3382B1D30330031B2F3 /* Release */ = {
			isa = XCBuildConfiguration;
			baseConfigurationReference = 7D49B60D5117C3C42B11EF6A /* Pods-PvFacil-PvFacilUITests.release.xcconfig */;
			buildSettings = {
				ALWAYS_EMBED_SWIFT_STANDARD_LIBRARIES = YES;
				CODE_SIGN_STYLE = Automatic;
				CURRENT_PROJECT_VERSION = 1;
				GENERATE_INFOPLIST_FILE = YES;
				MARKETING_VERSION = 1.0;
				PRODUCT_BUNDLE_IDENTIFIER = estratecc.PvFacilUITests;
				PRODUCT_NAME = "$(TARGET_NAME)";
				SWIFT_EMIT_LOC_STRINGS = NO;
				SWIFT_VERSION = 5.0;
				TARGETED_DEVICE_FAMILY = "1,2";
				TEST_TARGET_NAME = PvFacil;
			};
			name = Release;
		};
/* End XCBuildConfiguration section */

/* Begin XCConfigurationList section */
		31E3F3012B1D302F0031B2F3 /* Build configuration list for PBXProject "PvFacil" */ = {
			isa = XCConfigurationList;
			buildConfigurations = (
				31E3F32E2B1D30330031B2F3 /* Debug */,
				31E3F32F2B1D30330031B2F3 /* Release */,
			);
			defaultConfigurationIsVisible = 0;
			defaultConfigurationName = Release;
		};
		31E3F3302B1D30330031B2F3 /* Build configuration list for PBXNativeTarget "PvFacil" */ = {
			isa = XCConfigurationList;
			buildConfigurations = (
				31E3F3312B1D30330031B2F3 /* Debug */,
				31E3F3322B1D30330031B2F3 /* Release */,
			);
			defaultConfigurationIsVisible = 0;
			defaultConfigurationName = Release;
		};
		31E3F3332B1D30330031B2F3 /* Build configuration list for PBXNativeTarget "PvFacilTests" */ = {
			isa = XCConfigurationList;
			buildConfigurations = (
				31E3F3342B1D30330031B2F3 /* Debug */,
				31E3F3352B1D30330031B2F3 /* Release */,
			);
			defaultConfigurationIsVisible = 0;
			defaultConfigurationName = Release;
		};
		31E3F3362B1D30330031B2F3 /* Build configuration list for PBXNativeTarget "PvFacilUITests" */ = {
			isa = XCConfigurationList;
			buildConfigurations = (
				31E3F3372B1D30330031B2F3 /* Debug */,
				31E3F3382B1D30330031B2F3 /* Release */,
			);
			defaultConfigurationIsVisible = 0;
			defaultConfigurationName = Release;
		};
/* End XCConfigurationList section */
	};
	rootObject = 31E3F2FE2B1D302F0031B2F3 /* Project object */;
}
